
Microsoft Visual Studio Solution File, Format Version 12.00
# Visual Studio Version 17
VisualStudioVersion = 17.3.32929.385
MinimumVisualStudioVersion = 10.0.40219.1
Project("{FAE04EC0-301F-11D3-BF4B-00C04F79EFBC}") = "ReadEmails", "ReadEmails\ReadEmails.csproj", "{54B151F3-270F-4CAD-B579-50ADCC841DC3}"
EndProject
Project("{FAE04EC0-301F-11D3-BF4B-00C04F79EFBC}") = "ReadEmailTests", "ReadEmailTests\ReadEmailTests.csproj", "{682BC39A-1ACA-467B-A7CC-E0753F23D67F}"
EndProject
Global
	GlobalSection(SolutionConfigurationPlatforms) = preSolution
		Debug|Any CPU = Debug|Any CPU
		Release|Any CPU = Release|Any CPU
	EndGlobalSection
	GlobalSection(ProjectConfigurationPlatforms) = postSolution
		{54B151F3-270F-4CAD-B579-50ADCC841DC3}.Debug|Any CPU.ActiveCfg = Debug|Any CPU
		{54B151F3-270F-4CAD-B579-50ADCC841DC3}.Debug|Any CPU.Build.0 = Debug|Any CPU
		{54B151F3-270F-4CAD-B579-50ADCC841DC3}.Release|Any CPU.ActiveCfg = Release|Any CPU
		{54B151F3-270F-4CAD-B579-50ADCC841DC3}.Release|Any CPU.Build.0 = Release|Any CPU
		{682BC39A-1ACA-467B-A7CC-E0753F23D67F}.Debug|Any CPU.ActiveCfg = Debug|Any CPU
		{682BC39A-1ACA-467B-A7CC-E0753F23D67F}.Debug|Any CPU.Build.0 = Debug|Any CPU
		{682BC39A-1ACA-467B-A7CC-E0753F23D67F}.Release|Any CPU.ActiveCfg = Release|Any CPU
		{682BC39A-1ACA-467B-A7CC-E0753F23D67F}.Release|Any CPU.Build.0 = Release|Any CPU
	EndGlobalSection
	GlobalSection(SolutionProperties) = preSolution
		HideSolutionNode = FALSE
	EndGlobalSection
	GlobalSection(ExtensibilityGlobals) = postSolution
		SolutionGuid = {CE96179D-E266-4EDB-AB7D-F3292C877682}
	EndGlobalSection
EndGlobal
